// !$*UTF8*$!
{
	archiveVersion = 1;
	classes = {
	};
	objectVersion = 46;
	objects = {

/* Begin PBXBuildFile section */
		6650DF612DE6A4E70003FE51 /* PythonInstance.cpp in Sources */ = {isa = PBXBuildFile; fileRef = 6650DF5F2DE6A4E70003FE51 /* PythonInstance.cpp */; };
		6650DF622DE6A4E70003FE51 /* ExternalObject.cpp in Sources */ = {isa = PBXBuildFile; fileRef = 6650DF5E2DE6A4E70003FE51 /* ExternalObject.cpp */; };
		6650DF632DE6A4E70003FE51 /* Util.cpp in Sources */ = {isa = PBXBuildFile; fileRef = 6650DF602DE6A4E70003FE51 /* Util.cpp */; };
		6650DF642DE6A4E70003FE51 /* AEPython.cpp in Sources */ = {isa = PBXBuildFile; fileRef = 6650DF5D2DE6A4E70003FE51 /* AEPython.cpp */; };
		66A8BA582DE6312600EF8F6A /* PiPL.r in Resources */ = {isa = PBXBuildFile; fileRef = 66A8BA532DE6312600EF8F6A /* PiPL.r */; };
		7EF36FB716F29701002A3CB3 /* Cocoa.framework in Frameworks */ = {isa = PBXBuildFile; fileRef = 7EF36FB616F29701002A3CB3 /* Cocoa.framework */; };
		D0FE579D0993C5E500139A60 /* AEGP_SuiteHandler.cpp in Sources */ = {isa = PBXBuildFile; fileRef = D0FE579A0993C5E500139A60 /* AEGP_SuiteHandler.cpp */; };
		D0FE579E0993C5E500139A60 /* MissingSuiteError.cpp in Sources */ = {isa = PBXBuildFile; fileRef = D0FE579C0993C5E500139A60 /* MissingSuiteError.cpp */; };
/* End PBXBuildFile section */

/* Begin PBXFileReference section */
		6650DF5D2DE6A4E70003FE51 /* AEPython.cpp */ = {isa = PBXFileReference; lastKnownFileType = sourcecode.cpp.cpp; name = AEPython.cpp; path = ../AEPython/AEPython.cpp; sourceTree = SOURCE_ROOT; };
		6650DF5E2DE6A4E70003FE51 /* ExternalObject.cpp */ = {isa = PBXFileReference; lastKnownFileType = sourcecode.cpp.cpp; name = ExternalObject.cpp; path = ../AEPython/ExternalObject.cpp; sourceTree = SOURCE_ROOT; };
		6650DF5F2DE6A4E70003FE51 /* PythonInstance.cpp */ = {isa = PBXFileReference; lastKnownFileType = sourcecode.cpp.cpp; name = PythonInstance.cpp; path = ../AEPython/PythonInstance.cpp; sourceTree = SOURCE_ROOT; };
		6650DF602DE6A4E70003FE51 /* Util.cpp */ = {isa = PBXFileReference; lastKnownFileType = sourcecode.cpp.cpp; name = Util.cpp; path = ../AEPython/Util.cpp; sourceTree = SOURCE_ROOT; };
		66A8BA532DE6312600EF8F6A /* PiPL.r */ = {isa = PBXFileReference; lastKnownFileType = sourcecode.rez; name = PiPL.r; path = ../AEPython/PiPL.r; sourceTree = SOURCE_ROOT; };
		66A8BA542DE6312600EF8F6A /* PythonInstance.h */ = {isa = PBXFileReference; lastKnownFileType = sourcecode.c.h; name = PythonInstance.h; path = ../AEPython/PythonInstance.h; sourceTree = SOURCE_ROOT; };
		66A8BA562DE6312600EF8F6A /* Util.h */ = {isa = PBXFileReference; lastKnownFileType = sourcecode.c.h; name = Util.h; path = ../AEPython/Util.h; sourceTree = SOURCE_ROOT; };
		7E76EECF1F707EF300536F9D /* AE_PluginData.h */ = {isa = PBXFileReference; fileEncoding = 4; lastKnownFileType = sourcecode.c.h; name = AE_PluginData.h; path = "/Users/chenxing/Documents/Develop/AfterEffectsSDK_25.6_61_mac/ae25.6_61.64bit.AfterEffectsSDK/Examples/Headers/AE_PluginData.h"; sourceTree = "<absolute>"; };
		7E76EED01F707F0400536F9D /* AE_Effect.h */ = {isa = PBXFileReference; fileEncoding = 4; lastKnownFileType = sourcecode.c.h; name = AE_Effect.h; path = "/Users/chenxing/Documents/Develop/AfterEffectsSDK_25.6_61_mac/ae25.6_61.64bit.AfterEffectsSDK/Examples/Headers/AE_Effect.h"; sourceTree = "<absolute>"; };
		7EF36FB616F29701002A3CB3 /* Cocoa.framework */ = {isa = PBXFileReference; lastKnownFileType = wrapper.framework; name = Cocoa.framework; path = System/Library/Frameworks/Cocoa.framework; sourceTree = SDKROOT; };
		C4E618CC095A3CE80012CA3F /* AEPython.plugin */ = {isa = PBXFileReference; explicitFileType = wrapper.cfbundle; includeInIndex = 0; path = AEPython.plugin; sourceTree = BUILT_PRODUCTS_DIR; };
		D0FE579A0993C5E500139A60 /* AEGP_SuiteHandler.cpp */ = {isa = PBXFileReference; fileEncoding = 30; lastKnownFileType = sourcecode.cpp.cpp; name = AEGP_SuiteHandler.cpp; path = "/Users/chenxing/Documents/Develop/AfterEffectsSDK_25.6_61_mac/ae25.6_61.64bit.AfterEffectsSDK/Examples/Util/AEGP_SuiteHandler.cpp"; sourceTree = "<absolute>"; };
		D0FE579B0993C5E500139A60 /* AEGP_SuiteHandler.h */ = {isa = PBXFileReference; fileEncoding = 30; lastKnownFileType = sourcecode.c.h; name = AEGP_SuiteHandler.h; path = "/Users/chenxing/Documents/Develop/AfterEffectsSDK_25.6_61_mac/ae25.6_61.64bit.AfterEffectsSDK/Examples/Util/AEGP_SuiteHandler.h"; sourceTree = "<absolute>"; };
		D0FE579C0993C5E500139A60 /* MissingSuiteError.cpp */ = {isa = PBXFileReference; fileEncoding = 30; lastKnownFileType = sourcecode.cpp.cpp; name = MissingSuiteError.cpp; path = "/Users/chenxing/Documents/Develop/AfterEffectsSDK_25.6_61_mac/ae25.6_61.64bit.AfterEffectsSDK/Examples/Util/MissingSuiteError.cpp"; sourceTree = "<absolute>"; };
/* End PBXFileReference section */

/* Begin PBXFrameworksBuildPhase section */
		C4E618CA095A3CE80012CA3F /* Frameworks */ = {
			isa = PBXFrameworksBuildPhase;
			buildActionMask = 2147483647;
			files = (
				7EF36FB716F29701002A3CB3 /* Cocoa.framework in Frameworks */,
			);
			runOnlyForDeploymentPostprocessing = 0;
		};
/* End PBXFrameworksBuildPhase section */

/* Begin PBXGroup section */
		C4E6187C095A3C800012CA3F = {
			isa = PBXGroup;
			children = (
				6650DF5D2DE6A4E70003FE51 /* AEPython.cpp */,
				6650DF5E2DE6A4E70003FE51 /* ExternalObject.cpp */,
				6650DF5F2DE6A4E70003FE51 /* PythonInstance.cpp */,
				6650DF602DE6A4E70003FE51 /* Util.cpp */,
				66A8BA532DE6312600EF8F6A /* PiPL.r */,
				66A8BA542DE6312600EF8F6A /* PythonInstance.h */,
				66A8BA562DE6312600EF8F6A /* Util.h */,
				D0FE57630993C4FD00139A60 /* Supporting Code */,
				7EF36FB616F29701002A3CB3 /* Cocoa.framework */,
				C4E6188C095A3C800012CA3F /* Products */,
			);
			sourceTree = "<group>";
		};
		C4E6188C095A3C800012CA3F /* Products */ = {
			isa = PBXGroup;
			children = (
				C4E618CC095A3CE80012CA3F /* AEPython.plugin */,
			);
			name = Products;
			sourceTree = "<group>";
		};
		D0FE57630993C4FD00139A60 /* Supporting Code */ = {
			isa = PBXGroup;
			children = (
				7E76EED01F707F0400536F9D /* AE_Effect.h */,
				7E76EECF1F707EF300536F9D /* AE_PluginData.h */,
				D0FE579A0993C5E500139A60 /* AEGP_SuiteHandler.cpp */,
				D0FE579B0993C5E500139A60 /* AEGP_SuiteHandler.h */,
				D0FE579C0993C5E500139A60 /* MissingSuiteError.cpp */,
			);
			name = "Supporting Code";
			sourceTree = "<group>";
		};
/* End PBXGroup section */

/* Begin PBXNativeTarget section */
		C4E618CB095A3CE80012CA3F /* AEPython */ = {
			isa = PBXNativeTarget;
			buildConfigurationList = C4E618CE095A3CE90012CA3F /* Build configuration list for PBXNativeTarget "AEPython" */;
			buildPhases = (
				C4E618C8095A3CE80012CA3F /* Resources */,
				C4E618C9095A3CE80012CA3F /* Sources */,
				C4E618CA095A3CE80012CA3F /* Frameworks */,
			);
			buildRules = (
			);
			dependencies = (
			);
			name = AEPython;
			productName = Skeleton.plugin;
			productReference = C4E618CC095A3CE80012CA3F /* AEPython.plugin */;
			productType = "com.apple.product-type.bundle";
		};
/* End PBXNativeTarget section */

/* Begin PBXProject section */
		C4E6187E095A3C800012CA3F /* Project object */ = {
			isa = PBXProject;
			attributes = {
				LastUpgradeCheck = 0720;
			};
			buildConfigurationList = C4E6187F095A3C800012CA3F /* Build configuration list for PBXProject "AEPython" */;
			compatibilityVersion = "Xcode 3.2";
			developmentRegion = English;
			hasScannedForEncodings = 0;
			knownRegions = (
				English,
				en,
			);
			mainGroup = C4E6187C095A3C800012CA3F;
			productRefGroup = C4E6188C095A3C800012CA3F /* Products */;
			projectDirPath = "";
			projectRoot = "";
			targets = (
				C4E618CB095A3CE80012CA3F /* AEPython */,
			);
		};
/* End PBXProject section */

/* Begin PBXResourcesBuildPhase section */
		C4E618C8095A3CE80012CA3F /* Resources */ = {
			isa = PBXResourcesBuildPhase;
			buildActionMask = 2147483647;
			files = (
				66A8BA582DE6312600EF8F6A /* PiPL.r in Resources */,
			);
			runOnlyForDeploymentPostprocessing = 0;
		};
/* End PBXResourcesBuildPhase section */

/* Begin PBXSourcesBuildPhase section */
		C4E618C9095A3CE80012CA3F /* Sources */ = {
			isa = PBXSourcesBuildPhase;
			buildActionMask = 2147483647;
			files = (
				D0FE579D0993C5E500139A60 /* AEGP_SuiteHandler.cpp in Sources */,
				D0FE579E0993C5E500139A60 /* MissingSuiteError.cpp in Sources */,
				6650DF612DE6A4E70003FE51 /* PythonInstance.cpp in Sources */,
				6650DF622DE6A4E70003FE51 /* ExternalObject.cpp in Sources */,
				6650DF632DE6A4E70003FE51 /* Util.cpp in Sources */,
				6650DF642DE6A4E70003FE51 /* AEPython.cpp in Sources */,
			);
			runOnlyForDeploymentPostprocessing = 0;
		};
/* End PBXSourcesBuildPhase section */

/* Begin XCBuildConfiguration section */
		C4E61880095A3C800012CA3F /* Debug */ = {
			isa = XCBuildConfiguration;
			buildSettings = {
				AE_SDK = "/Users/chenxing/Documents/Develop/AfterEffectsSDK_25.6_61_mac/ae25.6_61.64bit.AfterEffectsSDK/Examples";
				PYTHON_FRAMEWORK = "/Library/Frameworks/Python.framework/Versions/3.13";
				CLANG_CXX_LANGUAGE_STANDARD = "c++17";
				COPY_PHASE_STRIP = NO;
				ENABLE_TESTABILITY = YES;
				GCC_C_LANGUAGE_STANDARD = c17;
				GCC_INPUT_FILETYPE = sourcecode.cpp.cpp;
				GCC_MODEL_TUNING = "";
				GCC_OPTIMIZATION_LEVEL = 0;
				GCC_PREFIX_HEADER = "";
				GCC_PREPROCESSOR_DEFINITIONS = (
					"$(inherited)",
					"__ASSERT_MACROS_DEFINE_VERSIONS_WITHOUT_UNDERSCORES=0",
				);
				GCC_REUSE_STRINGS = NO;
				GCC_SYMBOLS_PRIVATE_EXTERN = YES;
				GCC_THREADSAFE_STATICS = NO;
				GCC_WARN_ABOUT_RETURN_TYPE = YES;
				GCC_WARN_CHECK_SWITCH_STATEMENTS = YES;
				GCC_WARN_EFFECTIVE_CPLUSPLUS_VIOLATIONS = NO;
				GCC_WARN_MISSING_PARENTHESES = YES;
				GCC_WARN_SHADOW = NO;
				GCC_WARN_UNKNOWN_PRAGMAS = YES;
				GCC_WARN_UNUSED_FUNCTION = YES;
				GCC_WARN_UNUSED_LABEL = YES;
				GCC_WARN_UNUSED_VARIABLE = YES;
				HEADER_SEARCH_PATHS = (
					"$(AE_SDK)/Headers",
					"$(AE_SDK)/Headers/SP",
					"$(AE_SDK)/Util",
					"$(AE_SDK)/Resources",
					"$(SRCROOT)/../Libs/pybind11/include",
					"$(PYTHON_FRAMEWORK)/include/python3.13",
				);
				LIBRARY_SEARCH_PATHS = "$(PYTHON_FRAMEWORK)/lib";
				ALWAYS_SEARCH_USER_PATHS = NO;
				MACOSX_DEPLOYMENT_TARGET = 12.0;
				ONLY_ACTIVE_ARCH = YES;
				OTHER_CPLUSPLUSFLAGS = (
					"$(OTHER_CFLAGS)",
					"-std=c++17",
				);
				OTHER_LDFLAGS = "-lpython3.13";
				REZ_PREPROCESSOR_DEFINITIONS = __MACH__;
				SDKROOT = macosx;
				STRIP_INSTALLED_PRODUCT = NO;
				WRAPPER_EXTENSION = plugin;
			};
			name = Debug;
		};
		C4E618CF095A3CE90012CA3F /* Debug */ = {
			isa = XCBuildConfiguration;
			buildSettings = {
				CODE_SIGN_IDENTITY = "-";
				CODE_SIGN_STYLE = Manual;
				COMBINE_HIDPI_IMAGES = YES;
				CURRENT_PROJECT_VERSION = 1;
				GCC_C_LANGUAGE_STANDARD = c17;
				GCC_MODEL_TUNING = G5;
				GENERATE_PKGINFO_FILE = YES;
				INFOPLIST_FILE = "AEPython.plugin-Info.plist";
				INFOPLIST_KEY_CFBundleDisplayName = AEPython;
				INSTALL_PATH = "$(HOME)/Library/Bundles";
				MARKETING_VERSION = 2.0.0m1;
				PRODUCT_BUNDLE_IDENTIFIER = com.adobe.AfterEffects.AEPython;
				PRODUCT_NAME = AEPython;
				SDKROOT = macosx;
				ZERO_LINK = NO;
			};
			name = Debug;
		};
/* End XCBuildConfiguration section */

/* Begin XCConfigurationList section */
		C4E6187F095A3C800012CA3F /* Build configuration list for PBXProject "AEPython" */ = {
			isa = XCConfigurationList;
			buildConfigurations = (
				C4E61880095A3C800012CA3F /* Debug */,
			);
			defaultConfigurationIsVisible = 1;
			defaultConfigurationName = Debug;
		};
		C4E618CE095A3CE90012CA3F /* Build configuration list for PBXNativeTarget "AEPython" */ = {
			isa = XCConfigurationList;
			buildConfigurations = (
				C4E618CF095A3CE90012CA3F /* Debug */,
			);
			defaultConfigurationIsVisible = 0;
			defaultConfigurationName = Debug;
		};
/* End XCConfigurationList section */
	};
	rootObject = C4E6187E095A3C800012CA3F /* Project object */;
}
